
Microsoft Visual Studio Solution File, Format Version 12.00
# Visual Studio Version 17
VisualStudioVersion = 17.3.32901.215
MinimumVisualStudioVersion = 10.0.40219.1
Project("{FAE04EC0-301F-11D3-BF4B-00C04F79EFBC}") = "FlightPlanner", "FlightPlanner\FlightPlanner.csproj", "{F18D418C-EA27-44EA-969D-4FD4D57D249E}"
EndProject
Global
	GlobalSection(SolutionConfigurationPlatforms) = preSolution
		Debug|Any CPU = Debug|Any CPU
		Release|Any CPU = Release|Any CPU
	EndGlobalSection
	GlobalSection(ProjectConfigurationPlatforms) = postSolution
		{F18D418C-EA27-44EA-969D-4FD4D57D249E}.Debug|Any CPU.ActiveCfg = Debug|Any CPU
		{F18D418C-EA27-44EA-969D-4FD4D57D249E}.Debug|Any CPU.Build.0 = Debug|Any CPU
		{F18D418C-EA27-44EA-969D-4FD4D57D249E}.Release|Any CPU.ActiveCfg = Release|Any CPU
		{F18D418C-EA27-44EA-969D-4FD4D57D249E}.Release|Any CPU.Build.0 = Release|Any CPU
	EndGlobalSection
	GlobalSection(SolutionProperties) = preSolution
		HideSolutionNode = FALSE
	EndGlobalSection
	GlobalSection(ExtensibilityGlobals) = postSolution
		SolutionGuid = {40ED175F-5F6A-4A6C-8810-8F012AB5F695}
	EndGlobalSection
EndGlobal
